al.essio.dev/pkg/shellescape v1.6.0 h1:NxFcEqzFSEVCGN2yq7Huv/9hyCEGVa/TncnOOBBeXHA=
al.essio.dev/pkg/shellescape v1.6.0/go.mod h1:6sIqp7X2P6mThCQ7twERpZTuigpr6KbZWtls1U8I890=
github.com/danieljoos/wincred v1.2.3 h1:v7dZC2x32Ut3nEfRH+vhoZGvN72+dQ/snVXo/vMFLdQ=
github.com/danieljoos/wincred v1.2.3/go.mod h1:6qqX0WNrS4RzPZ1tnroDzq9kY3fu1KwE7MRLQK4X0bs=
github.com/davecgh/go-spew v1.1.1 h1:vj9j/u1bqnvCEfJOwUhtlOARqs3+rkHYY13jYWTU97c=
github.com/davecgh/go-spew v1.1.1/go.mod h1:J7Y8YcW2NihsgmVo/mv3lAwl/skON4iLHjSsI+c5H38=
github.com/godbus/dbus/v5 v5.2.2 h1:TUR3TgtSVDmjiXOgAAyaZbYmIeP3DPkld3jgKGV8mXQ=
github.com/godbus/dbus/v5 v5.2.2/go.mod h1:3AAv2+hPq5rdnr5txxxRwiGjPXamgoIHgz9FPBfOp3c=
github.com/google/shlex v0.0.0-20191202100458-e7afc7fbc510 h1:El6M4kTTCOh6aBiKaUGG7oYTSPP8MxqL4YI3kZKwcP4=
github.com/google/shlex v0.0.0-20191202100458-e7afc7fbc510/go.mod h1:pupxD2MaaD3pAXIBCelhxNneeOaAeabZDe5s4K6zSpQ=
github.com/pmezard/go-difflib v1.0.0 h1:4DBwDE0NGyQoBHbLQYPwSUPoCMWR5BEzIk/f1lZbAQM=
github.com/pmezard/go-difflib v1.0.0/go.mod h1:iKH77koFhYxTK1pcRnkKkqfTogsbg7gZNVY4sRDYZ/4=
github.com/stretchr/objx v0.5.2 h1:xuMeJ0Sdp5ZMRXx/aWO6RZxdr3beISkG5/G/aIRr3pY=
github.com/stretchr/objx v0.5.2/go.mod h1:FRsXN1f5AsAjCGJKqEizvkpNtU+EGNCLh3NxZ/8L+MA=
github.com/stretchr/testify v1.11.1 h1:7s2iGBzp5EwR7/aIZr8ao5+dra3wiQyKjjFuvgVKu7U=
github.com/stretchr/testify v1.11.1/go.mod h1:wZwfW3scLgRK+23gO65QZefKpKQRnfz6sD981Nm4B6U=
github.com/tinywasm/devflow v0.0.26 h1:1y3DVoMZu3bzeUIhgFV4F4jXZqlB1YvD4o1NWegLG1I=
github.com/tinywasm/devflow v0.0.26/go.mod h1:e+uLwzdzo3B7W+G957s4dCKTyRZJsZXbWuvwH/TgUHg=
github.com/tinywasm/gobuild v0.0.21 h1:Ibt6/23QMy2L5RK2GR+KdtwT4PBLPZ65TLZ09kaVtMc=
github.com/tinywasm/gobuild v0.0.21/go.mod h1:48JVlXnOy8ZBiz/vz5rWMxv4ZrQvB5Fbw22kOx6RfZY=
github.com/tinywasm/gorun v0.0.15 h1:q2n1rb6C5L/8pzQGjnhssK9YFFXyy/4zPWSyG/a93wc=
github.com/tinywasm/gorun v0.0.15/go.mod h1:9pApF2ZoaH/km6kGBVxL5WlStOoLwEZiV1uG4R4qeKo=
github.com/zalando/go-keyring v0.2.6 h1:r7Yc3+H+Ux0+M72zacZoItR3UDxeWfKTcabvkI8ua9s=
github.com/zalando/go-keyring v0.2.6/go.mod h1:2TCrxYrbUNYfNS/Kgy/LSrkSQzZ5UPVH85RwfczwvcI=
golang.org/x/sys v0.39.0 h1:CvCKL8MeisomCi6qNZ+wbb0DN9E5AATixKsvNtMoMFk=
golang.org/x/sys v0.39.0/go.mod h1:OgkHotnGiDImocRcuBABYBEXf8A9a87e/uXjp9XT3ks=
gopkg.in/yaml.v3 v3.0.1 h1:fxVm/GzAzEWqLHuvctI91KS9hhNmmWOoWu0XTYJS7CA=
gopkg.in/yaml.v3 v3.0.1/go.mod h1:K4uyk7z7BCEPqu6E+C64Yfv1cQ7kz7rIZviUmN+EgEM=
